
Microsoft Visual Studio Solution File, Format Version 12.00
# Visual Studio Version 16
VisualStudioVersion = 16.0.28922.388
MinimumVisualStudioVersion = 15.0.26124.0
Project("{9A19103F-16F7-4668-BE54-9A1E7A4F7556}") = "Portfolio.Web", "Portfolio.Web\Portfolio.Web.csproj", "{ECAA7313-68FD-4418-831F-EB70587E2AF1}"
EndProject
Project("{9A19103F-16F7-4668-BE54-9A1E7A4F7556}") = "Portfolio.Database", "Portfolio.Database\Portfolio.Database.csproj", "{FFA3247D-DD45-4CF8-8E84-02B649E83825}"
EndProject
Project("{9A19103F-16F7-4668-BE54-9A1E7A4F7556}") = "Portfolio.Data", "Portfolio.Data\Portfolio.Data.csproj", "{A83F35B6-B937-4301-B458-EBEA6427B76D}"
EndProject
Project("{9A19103F-16F7-4668-BE54-9A1E7A4F7556}") = "Portfolio.Core", "Portfolio.Core\Portfolio.Core.csproj", "{2731B783-C7D9-4E31-BDF8-BA6D1451FB5A}"
EndProject
Project("{9A19103F-16F7-4668-BE54-9A1E7A4F7556}") = "Portfolio.IOC", "Portfolio.IOC\Portfolio.IOC.csproj", "{288952D8-334C-49D3-A811-49E1E842A512}"
EndProject
Project("{9A19103F-16F7-4668-BE54-9A1E7A4F7556}") = "Portfolio.BusinessLogic", "Portfolio.BusinessLogic\Portfolio.BusinessLogic.csproj", "{D966D4E4-9AFD-474D-9D12-84653277FD6E}"
EndProject
Project("{2150E333-8FDC-42A3-9474-1A3956D46DE8}") = "Portfolio.Tests", "Portfolio.Tests", "{1F24A745-EB87-4B40-AFD1-4DF757C2900B}"
EndProject
Project("{9A19103F-16F7-4668-BE54-9A1E7A4F7556}") = "Portfolio.Tests.Unit", "Portfolio.Tests\Portfolio.Tests.Unit\Portfolio.Tests.Unit.csproj", "{AC16DB69-0144-4246-9AC5-453B2FE51882}"
EndProject
Project("{9A19103F-16F7-4668-BE54-9A1E7A4F7556}") = "Portfolio.Tests.Integration", "Portfolio.Tests\Portfolio.Tests.Integration\Portfolio.Tests.Integration.csproj", "{811C5929-3197-4F87-803E-099858E4B204}"
EndProject
Project("{9A19103F-16F7-4668-BE54-9A1E7A4F7556}") = "Portfolio.Tests.Common", "Portfolio.Tests\Portfolio.Tests.Common\Portfolio.Tests.Common.csproj", "{80B603EE-63AE-4D06-B7C0-4CB86B7E6419}"
EndProject
Project("{FAE04EC0-301F-11D3-BF4B-00C04F79EFBC}") = "Portfolio.Resources", "Portfolio.Resources\Portfolio.Resources.csproj", "{957F5313-7A1D-4BC7-AFB9-6E70749ABEBE}"
EndProject
Global
	GlobalSection(SolutionConfigurationPlatforms) = preSolution
		Debug|Any CPU = Debug|Any CPU
		Debug|x64 = Debug|x64
		Debug|x86 = Debug|x86
		Release|Any CPU = Release|Any CPU
		Release|x64 = Release|x64
		Release|x86 = Release|x86
	EndGlobalSection
	GlobalSection(ProjectConfigurationPlatforms) = postSolution
		{ECAA7313-68FD-4418-831F-EB70587E2AF1}.Debug|Any CPU.ActiveCfg = Debug|Any CPU
		{ECAA7313-68FD-4418-831F-EB70587E2AF1}.Debug|Any CPU.Build.0 = Debug|Any CPU
		{ECAA7313-68FD-4418-831F-EB70587E2AF1}.Debug|x64.ActiveCfg = Debug|Any CPU
		{ECAA7313-68FD-4418-831F-EB70587E2AF1}.Debug|x64.Build.0 = Debug|Any CPU
		{ECAA7313-68FD-4418-831F-EB70587E2AF1}.Debug|x86.ActiveCfg = Debug|Any CPU
		{ECAA7313-68FD-4418-831F-EB70587E2AF1}.Debug|x86.Build.0 = Debug|Any CPU
		{ECAA7313-68FD-4418-831F-EB70587E2AF1}.Release|Any CPU.ActiveCfg = Release|Any CPU
		{ECAA7313-68FD-4418-831F-EB70587E2AF1}.Release|Any CPU.Build.0 = Release|Any CPU
		{ECAA7313-68FD-4418-831F-EB70587E2AF1}.Release|x64.ActiveCfg = Release|Any CPU
		{ECAA7313-68FD-4418-831F-EB70587E2AF1}.Release|x64.Build.0 = Release|Any CPU
		{ECAA7313-68FD-4418-831F-EB70587E2AF1}.Release|x86.ActiveCfg = Release|Any CPU
		{ECAA7313-68FD-4418-831F-EB70587E2AF1}.Release|x86.Build.0 = Release|Any CPU
		{FFA3247D-DD45-4CF8-8E84-02B649E83825}.Debug|Any CPU.ActiveCfg = Debug|Any CPU
		{FFA3247D-DD45-4CF8-8E84-02B649E83825}.Debug|Any CPU.Build.0 = Debug|Any CPU
		{FFA3247D-DD45-4CF8-8E84-02B649E83825}.Debug|x64.ActiveCfg = Debug|Any CPU
		{FFA3247D-DD45-4CF8-8E84-02B649E83825}.Debug|x64.Build.0 = Debug|Any CPU
		{FFA3247D-DD45-4CF8-8E84-02B649E83825}.Debug|x86.ActiveCfg = Debug|Any CPU
		{FFA3247D-DD45-4CF8-8E84-02B649E83825}.Debug|x86.Build.0 = Debug|Any CPU
		{FFA3247D-DD45-4CF8-8E84-02B649E83825}.Release|Any CPU.ActiveCfg = Release|Any CPU
		{FFA3247D-DD45-4CF8-8E84-02B649E83825}.Release|Any CPU.Build.0 = Release|Any CPU
		{FFA3247D-DD45-4CF8-8E84-02B649E83825}.Release|x64.ActiveCfg = Release|Any CPU
		{FFA3247D-DD45-4CF8-8E84-02B649E83825}.Release|x64.Build.0 = Release|Any CPU
		{FFA3247D-DD45-4CF8-8E84-02B649E83825}.Release|x86.ActiveCfg = Release|Any CPU
		{FFA3247D-DD45-4CF8-8E84-02B649E83825}.Release|x86.Build.0 = Release|Any CPU
		{A83F35B6-B937-4301-B458-EBEA6427B76D}.Debug|Any CPU.ActiveCfg = Debug|Any CPU
		{A83F35B6-B937-4301-B458-EBEA6427B76D}.Debug|Any CPU.Build.0 = Debug|Any CPU
		{A83F35B6-B937-4301-B458-EBEA6427B76D}.Debug|x64.ActiveCfg = Debug|Any CPU
		{A83F35B6-B937-4301-B458-EBEA6427B76D}.Debug|x64.Build.0 = Debug|Any CPU
		{A83F35B6-B937-4301-B458-EBEA6427B76D}.Debug|x86.ActiveCfg = Debug|Any CPU
		{A83F35B6-B937-4301-B458-EBEA6427B76D}.Debug|x86.Build.0 = Debug|Any CPU
		{A83F35B6-B937-4301-B458-EBEA6427B76D}.Release|Any CPU.ActiveCfg = Release|Any CPU
		{A83F35B6-B937-4301-B458-EBEA6427B76D}.Release|Any CPU.Build.0 = Release|Any CPU
		{A83F35B6-B937-4301-B458-EBEA6427B76D}.Release|x64.ActiveCfg = Release|Any CPU
		{A83F35B6-B937-4301-B458-EBEA6427B76D}.Release|x64.Build.0 = Release|Any CPU
		{A83F35B6-B937-4301-B458-EBEA6427B76D}.Release|x86.ActiveCfg = Release|Any CPU
		{A83F35B6-B937-4301-B458-EBEA6427B76D}.Release|x86.Build.0 = Release|Any CPU
		{2731B783-C7D9-4E31-BDF8-BA6D1451FB5A}.Debug|Any CPU.ActiveCfg = Debug|Any CPU
		{2731B783-C7D9-4E31-BDF8-BA6D1451FB5A}.Debug|Any CPU.Build.0 = Debug|Any CPU
		{2731B783-C7D9-4E31-BDF8-BA6D1451FB5A}.Debug|x64.ActiveCfg = Debug|Any CPU
		{2731B783-C7D9-4E31-BDF8-BA6D1451FB5A}.Debug|x64.Build.0 = Debug|Any CPU
		{2731B783-C7D9-4E31-BDF8-BA6D1451FB5A}.Debug|x86.ActiveCfg = Debug|Any CPU
		{2731B783-C7D9-4E31-BDF8-BA6D1451FB5A}.Debug|x86.Build.0 = Debug|Any CPU
		{2731B783-C7D9-4E31-BDF8-BA6D1451FB5A}.Release|Any CPU.ActiveCfg = Release|Any CPU
		{2731B783-C7D9-4E31-BDF8-BA6D1451FB5A}.Release|Any CPU.Build.0 = Release|Any CPU
		{2731B783-C7D9-4E31-BDF8-BA6D1451FB5A}.Release|x64.ActiveCfg = Release|Any CPU
		{2731B783-C7D9-4E31-BDF8-BA6D1451FB5A}.Release|x64.Build.0 = Release|Any CPU
		{2731B783-C7D9-4E31-BDF8-BA6D1451FB5A}.Release|x86.ActiveCfg = Release|Any CPU
		{2731B783-C7D9-4E31-BDF8-BA6D1451FB5A}.Release|x86.Build.0 = Release|Any CPU
		{288952D8-334C-49D3-A811-49E1E842A512}.Debug|Any CPU.ActiveCfg = Debug|Any CPU
		{288952D8-334C-49D3-A811-49E1E842A512}.Debug|Any CPU.Build.0 = Debug|Any CPU
		{288952D8-334C-49D3-A811-49E1E842A512}.Debug|x64.ActiveCfg = Debug|Any CPU
		{288952D8-334C-49D3-A811-49E1E842A512}.Debug|x64.Build.0 = Debug|Any CPU
		{288952D8-334C-49D3-A811-49E1E842A512}.Debug|x86.ActiveCfg = Debug|Any CPU
		{288952D8-334C-49D3-A811-49E1E842A512}.Debug|x86.Build.0 = Debug|Any CPU
		{288952D8-334C-49D3-A811-49E1E842A512}.Release|Any CPU.ActiveCfg = Release|Any CPU
		{288952D8-334C-49D3-A811-49E1E842A512}.Release|Any CPU.Build.0 = Release|Any CPU
		{288952D8-334C-49D3-A811-49E1E842A512}.Release|x64.ActiveCfg = Release|Any CPU
		{288952D8-334C-49D3-A811-49E1E842A512}.Release|x64.Build.0 = Release|Any CPU
		{288952D8-334C-49D3-A811-49E1E842A512}.Release|x86.ActiveCfg = Release|Any CPU
		{288952D8-334C-49D3-A811-49E1E842A512}.Release|x86.Build.0 = Release|Any CPU
		{D966D4E4-9AFD-474D-9D12-84653277FD6E}.Debug|Any CPU.ActiveCfg = Debug|Any CPU
		{D966D4E4-9AFD-474D-9D12-84653277FD6E}.Debug|Any CPU.Build.0 = Debug|Any CPU
		{D966D4E4-9AFD-474D-9D12-84653277FD6E}.Debug|x64.ActiveCfg = Debug|Any CPU
		{D966D4E4-9AFD-474D-9D12-84653277FD6E}.Debug|x64.Build.0 = Debug|Any CPU
		{D966D4E4-9AFD-474D-9D12-84653277FD6E}.Debug|x86.ActiveCfg = Debug|Any CPU
		{D966D4E4-9AFD-474D-9D12-84653277FD6E}.Debug|x86.Build.0 = Debug|Any CPU
		{D966D4E4-9AFD-474D-9D12-84653277FD6E}.Release|Any CPU.ActiveCfg = Release|Any CPU
		{D966D4E4-9AFD-474D-9D12-84653277FD6E}.Release|Any CPU.Build.0 = Release|Any CPU
		{D966D4E4-9AFD-474D-9D12-84653277FD6E}.Release|x64.ActiveCfg = Release|Any CPU
		{D966D4E4-9AFD-474D-9D12-84653277FD6E}.Release|x64.Build.0 = Release|Any CPU
		{D966D4E4-9AFD-474D-9D12-84653277FD6E}.Release|x86.ActiveCfg = Release|Any CPU
		{D966D4E4-9AFD-474D-9D12-84653277FD6E}.Release|x86.Build.0 = Release|Any CPU
		{AC16DB69-0144-4246-9AC5-453B2FE51882}.Debug|Any CPU.ActiveCfg = Debug|Any CPU
		{AC16DB69-0144-4246-9AC5-453B2FE51882}.Debug|Any CPU.Build.0 = Debug|Any CPU
		{AC16DB69-0144-4246-9AC5-453B2FE51882}.Debug|x64.ActiveCfg = Debug|Any CPU
		{AC16DB69-0144-4246-9AC5-453B2FE51882}.Debug|x64.Build.0 = Debug|Any CPU
		{AC16DB69-0144-4246-9AC5-453B2FE51882}.Debug|x86.ActiveCfg = Debug|Any CPU
		{AC16DB69-0144-4246-9AC5-453B2FE51882}.Debug|x86.Build.0 = Debug|Any CPU
		{AC16DB69-0144-4246-9AC5-453B2FE51882}.Release|Any CPU.ActiveCfg = Release|Any CPU
		{AC16DB69-0144-4246-9AC5-453B2FE51882}.Release|Any CPU.Build.0 = Release|Any CPU
		{AC16DB69-0144-4246-9AC5-453B2FE51882}.Release|x64.ActiveCfg = Release|Any CPU
		{AC16DB69-0144-4246-9AC5-453B2FE51882}.Release|x64.Build.0 = Release|Any CPU
		{AC16DB69-0144-4246-9AC5-453B2FE51882}.Release|x86.ActiveCfg = Release|Any CPU
		{AC16DB69-0144-4246-9AC5-453B2FE51882}.Release|x86.Build.0 = Release|Any CPU
		{811C5929-3197-4F87-803E-099858E4B204}.Debug|Any CPU.ActiveCfg = Debug|Any CPU
		{811C5929-3197-4F87-803E-099858E4B204}.Debug|Any CPU.Build.0 = Debug|Any CPU
		{811C5929-3197-4F87-803E-099858E4B204}.Debug|x64.ActiveCfg = Debug|Any CPU
		{811C5929-3197-4F87-803E-099858E4B204}.Debug|x64.Build.0 = Debug|Any CPU
		{811C5929-3197-4F87-803E-099858E4B204}.Debug|x86.ActiveCfg = Debug|Any CPU
		{811C5929-3197-4F87-803E-099858E4B204}.Debug|x86.Build.0 = Debug|Any CPU
		{811C5929-3197-4F87-803E-099858E4B204}.Release|Any CPU.ActiveCfg = Release|Any CPU
		{811C5929-3197-4F87-803E-099858E4B204}.Release|Any CPU.Build.0 = Release|Any CPU
		{811C5929-3197-4F87-803E-099858E4B204}.Release|x64.ActiveCfg = Release|Any CPU
		{811C5929-3197-4F87-803E-099858E4B204}.Release|x64.Build.0 = Release|Any CPU
		{811C5929-3197-4F87-803E-099858E4B204}.Release|x86.ActiveCfg = Release|Any CPU
		{811C5929-3197-4F87-803E-099858E4B204}.Release|x86.Build.0 = Release|Any CPU
		{80B603EE-63AE-4D06-B7C0-4CB86B7E6419}.Debug|Any CPU.ActiveCfg = Debug|Any CPU
		{80B603EE-63AE-4D06-B7C0-4CB86B7E6419}.Debug|Any CPU.Build.0 = Debug|Any CPU
		{80B603EE-63AE-4D06-B7C0-4CB86B7E6419}.Debug|x64.ActiveCfg = Debug|Any CPU
		{80B603EE-63AE-4D06-B7C0-4CB86B7E6419}.Debug|x64.Build.0 = Debug|Any CPU
		{80B603EE-63AE-4D06-B7C0-4CB86B7E6419}.Debug|x86.ActiveCfg = Debug|Any CPU
		{80B603EE-63AE-4D06-B7C0-4CB86B7E6419}.Debug|x86.Build.0 = Debug|Any CPU
		{80B603EE-63AE-4D06-B7C0-4CB86B7E6419}.Release|Any CPU.ActiveCfg = Release|Any CPU
		{80B603EE-63AE-4D06-B7C0-4CB86B7E6419}.Release|Any CPU.Build.0 = Release|Any CPU
		{80B603EE-63AE-4D06-B7C0-4CB86B7E6419}.Release|x64.ActiveCfg = Release|Any CPU
		{80B603EE-63AE-4D06-B7C0-4CB86B7E6419}.Release|x64.Build.0 = Release|Any CPU
		{80B603EE-63AE-4D06-B7C0-4CB86B7E6419}.Release|x86.ActiveCfg = Release|Any CPU
		{80B603EE-63AE-4D06-B7C0-4CB86B7E6419}.Release|x86.Build.0 = Release|Any CPU
		{957F5313-7A1D-4BC7-AFB9-6E70749ABEBE}.Debug|Any CPU.ActiveCfg = Debug|Any CPU
		{957F5313-7A1D-4BC7-AFB9-6E70749ABEBE}.Debug|Any CPU.Build.0 = Debug|Any CPU
		{957F5313-7A1D-4BC7-AFB9-6E70749ABEBE}.Debug|x64.ActiveCfg = Debug|Any CPU
		{957F5313-7A1D-4BC7-AFB9-6E70749ABEBE}.Debug|x64.Build.0 = Debug|Any CPU
		{957F5313-7A1D-4BC7-AFB9-6E70749ABEBE}.Debug|x86.ActiveCfg = Debug|Any CPU
		{957F5313-7A1D-4BC7-AFB9-6E70749ABEBE}.Debug|x86.Build.0 = Debug|Any CPU
		{957F5313-7A1D-4BC7-AFB9-6E70749ABEBE}.Release|Any CPU.ActiveCfg = Release|Any CPU
		{957F5313-7A1D-4BC7-AFB9-6E70749ABEBE}.Release|Any CPU.Build.0 = Release|Any CPU
		{957F5313-7A1D-4BC7-AFB9-6E70749ABEBE}.Release|x64.ActiveCfg = Release|Any CPU
		{957F5313-7A1D-4BC7-AFB9-6E70749ABEBE}.Release|x64.Build.0 = Release|Any CPU
		{957F5313-7A1D-4BC7-AFB9-6E70749ABEBE}.Release|x86.ActiveCfg = Release|Any CPU
		{957F5313-7A1D-4BC7-AFB9-6E70749ABEBE}.Release|x86.Build.0 = Release|Any CPU
	EndGlobalSection
	GlobalSection(SolutionProperties) = preSolution
		HideSolutionNode = FALSE
	EndGlobalSection
	GlobalSection(NestedProjects) = preSolution
		{AC16DB69-0144-4246-9AC5-453B2FE51882} = {1F24A745-EB87-4B40-AFD1-4DF757C2900B}
		{811C5929-3197-4F87-803E-099858E4B204} = {1F24A745-EB87-4B40-AFD1-4DF757C2900B}
		{80B603EE-63AE-4D06-B7C0-4CB86B7E6419} = {1F24A745-EB87-4B40-AFD1-4DF757C2900B}
	EndGlobalSection
	GlobalSection(ExtensibilityGlobals) = postSolution
		SolutionGuid = {02B27657-2CD0-416A-81F2-3B53BA0602A3}
	EndGlobalSection
EndGlobal
